
Microsoft Visual Studio Solution File, Format Version 12.00
# Visual Studio Version 16
VisualStudioVersion = 16.0.29409.12
MinimumVisualStudioVersion = 10.0.40219.1
Project("{9A19103F-16F7-4668-BE54-9A1E7A4F7556}") = "FoosStats", "FoosStats\FoosStats.csproj", "{ECAEEB5E-1661-4D57-A490-C6EECDA5BE0C}"
EndProject
Project("{9A19103F-16F7-4668-BE54-9A1E7A4F7556}") = "FoosStats.Core", "FoosStats.Core\FoosStats.Core.csproj", "{59B59F7A-C0FA-4C75-9287-9D0217E4D290}"
EndProject
Project("{9A19103F-16F7-4668-BE54-9A1E7A4F7556}") = "FoosStats.Data", "FoosStats.Data\FoosStats.Data.csproj", "{959620A7-71F4-42AB-81C1-0A2B3A0BE0B1}"
EndProject
Project("{FAE04EC0-301F-11D3-BF4B-00C04F79EFBC}") = "FoosStats.Tests", "FoosStats.Tests\FoosStats.Tests.csproj", "{F47953D9-88BE-4BFE-9A68-9748DBFD4A89}"
EndProject
Global
	GlobalSection(SolutionConfigurationPlatforms) = preSolution
		Debug|Any CPU = Debug|Any CPU
		Release|Any CPU = Release|Any CPU
	EndGlobalSection
	GlobalSection(ProjectConfigurationPlatforms) = postSolution
		{ECAEEB5E-1661-4D57-A490-C6EECDA5BE0C}.Debug|Any CPU.ActiveCfg = Debug|Any CPU
		{ECAEEB5E-1661-4D57-A490-C6EECDA5BE0C}.Debug|Any CPU.Build.0 = Debug|Any CPU
		{ECAEEB5E-1661-4D57-A490-C6EECDA5BE0C}.Release|Any CPU.ActiveCfg = Release|Any CPU
		{ECAEEB5E-1661-4D57-A490-C6EECDA5BE0C}.Release|Any CPU.Build.0 = Release|Any CPU
		{59B59F7A-C0FA-4C75-9287-9D0217E4D290}.Debug|Any CPU.ActiveCfg = Debug|Any CPU
		{59B59F7A-C0FA-4C75-9287-9D0217E4D290}.Debug|Any CPU.Build.0 = Debug|Any CPU
		{59B59F7A-C0FA-4C75-9287-9D0217E4D290}.Release|Any CPU.ActiveCfg = Release|Any CPU
		{59B59F7A-C0FA-4C75-9287-9D0217E4D290}.Release|Any CPU.Build.0 = Release|Any CPU
		{959620A7-71F4-42AB-81C1-0A2B3A0BE0B1}.Debug|Any CPU.ActiveCfg = Debug|Any CPU
		{959620A7-71F4-42AB-81C1-0A2B3A0BE0B1}.Debug|Any CPU.Build.0 = Debug|Any CPU
		{959620A7-71F4-42AB-81C1-0A2B3A0BE0B1}.Release|Any CPU.ActiveCfg = Release|Any CPU
		{959620A7-71F4-42AB-81C1-0A2B3A0BE0B1}.Release|Any CPU.Build.0 = Release|Any CPU
		{F47953D9-88BE-4BFE-9A68-9748DBFD4A89}.Debug|Any CPU.ActiveCfg = Debug|Any CPU
		{F47953D9-88BE-4BFE-9A68-9748DBFD4A89}.Debug|Any CPU.Build.0 = Debug|Any CPU
		{F47953D9-88BE-4BFE-9A68-9748DBFD4A89}.Release|Any CPU.ActiveCfg = Release|Any CPU
		{F47953D9-88BE-4BFE-9A68-9748DBFD4A89}.Release|Any CPU.Build.0 = Release|Any CPU
	EndGlobalSection
	GlobalSection(SolutionProperties) = preSolution
		HideSolutionNode = FALSE
	EndGlobalSection
	GlobalSection(ExtensibilityGlobals) = postSolution
		SolutionGuid = {01E416A6-6CE1-43C3-9E16-44431FD6F22B}
	EndGlobalSection
EndGlobal
